
Microsoft Visual Studio Solution File, Format Version 12.00
# Visual Studio Version 17
VisualStudioVersion = 17.7.34031.279
MinimumVisualStudioVersion = 10.0.40219.1
Project("{FAE04EC0-301F-11D3-BF4B-00C04F79EFBC}") = "Array-based-Queue", "Array-based-Queue\Array-based-Queue.csproj", "{59D5FCDE-BC5D-4735-A058-43618C6F61D6}"
EndProject
Global
	GlobalSection(SolutionConfigurationPlatforms) = preSolution
		Debug|Any CPU = Debug|Any CPU
		Release|Any CPU = Release|Any CPU
	EndGlobalSection
	GlobalSection(ProjectConfigurationPlatforms) = postSolution
		{59D5FCDE-BC5D-4735-A058-43618C6F61D6}.Debug|Any CPU.ActiveCfg = Debug|Any CPU
		{59D5FCDE-BC5D-4735-A058-43618C6F61D6}.Debug|Any CPU.Build.0 = Debug|Any CPU
		{59D5FCDE-BC5D-4735-A058-43618C6F61D6}.Release|Any CPU.ActiveCfg = Release|Any CPU
		{59D5FCDE-BC5D-4735-A058-43618C6F61D6}.Release|Any CPU.Build.0 = Release|Any CPU
	EndGlobalSection
	GlobalSection(SolutionProperties) = preSolution
		HideSolutionNode = FALSE
	EndGlobalSection
	GlobalSection(ExtensibilityGlobals) = postSolution
		SolutionGuid = {12FCEED8-A8B9-4E46-BB15-7AE28DDC084A}
	EndGlobalSection
EndGlobal
