
Microsoft Visual Studio Solution File, Format Version 12.00
# Visual Studio Version 17
VisualStudioVersion = 17.7.34031.279
MinimumVisualStudioVersion = 10.0.40219.1
Project("{FAE04EC0-301F-11D3-BF4B-00C04F79EFBC}") = "List-based-Queue", "List-based-Queue\List-based-Queue.csproj", "{16A291BC-4284-4549-B9E6-D0A85448C2E4}"
EndProject
Global
	GlobalSection(SolutionConfigurationPlatforms) = preSolution
		Debug|Any CPU = Debug|Any CPU
		Release|Any CPU = Release|Any CPU
	EndGlobalSection
	GlobalSection(ProjectConfigurationPlatforms) = postSolution
		{16A291BC-4284-4549-B9E6-D0A85448C2E4}.Debug|Any CPU.ActiveCfg = Debug|Any CPU
		{16A291BC-4284-4549-B9E6-D0A85448C2E4}.Debug|Any CPU.Build.0 = Debug|Any CPU
		{16A291BC-4284-4549-B9E6-D0A85448C2E4}.Release|Any CPU.ActiveCfg = Release|Any CPU
		{16A291BC-4284-4549-B9E6-D0A85448C2E4}.Release|Any CPU.Build.0 = Release|Any CPU
	EndGlobalSection
	GlobalSection(SolutionProperties) = preSolution
		HideSolutionNode = FALSE
	EndGlobalSection
	GlobalSection(ExtensibilityGlobals) = postSolution
		SolutionGuid = {3BB497A0-1341-4ED8-B7AC-DEAF362625E0}
	EndGlobalSection
EndGlobal
